
Microsoft Visual Studio Solution File, Format Version 12.00
# Visual Studio 14
VisualStudioVersion = 14.0.25420.1
MinimumVisualStudioVersion = 10.0.40219.1
Project("{E24C65DC-7377-472B-9ABA-BC803B73C61A}") = "PortfolioProject", "..\..\WebSites\PortfolioProject\", "{CFE3BF68-962B-4E61-9285-136BA7E426DB}"
	ProjectSection(WebsiteProperties) = preProject
		TargetFrameworkMoniker = ".NETFramework,Version%3Dv4.5.2"
		Debug.AspNetCompiler.VirtualPath = "/localhost_56116"
		Debug.AspNetCompiler.PhysicalPath = "..\..\WebSites\PortfolioProject\"
		Debug.AspNetCompiler.TargetPath = "PrecompiledWeb\localhost_56116\"
		Debug.AspNetCompiler.Updateable = "true"
		Debug.AspNetCompiler.ForceOverwrite = "true"
		Debug.AspNetCompiler.FixedNames = "false"
		Debug.AspNetCompiler.Debug = "True"
		Release.AspNetCompiler.VirtualPath = "/localhost_56116"
		Release.AspNetCompiler.PhysicalPath = "..\..\WebSites\PortfolioProject\"
		Release.AspNetCompiler.TargetPath = "PrecompiledWeb\localhost_56116\"
		Release.AspNetCompiler.Updateable = "true"
		Release.AspNetCompiler.ForceOverwrite = "true"
		Release.AspNetCompiler.FixedNames = "false"
		Release.AspNetCompiler.Debug = "False"
		VWDPort = "56116"
		SlnRelativePath = "..\..\WebSites\PortfolioProject\"
		DefaultWebSiteLanguage = "Visual C#"
	EndProjectSection
EndProject
Global
	GlobalSection(SolutionConfigurationPlatforms) = preSolution
		Debug|Any CPU = Debug|Any CPU
	EndGlobalSection
	GlobalSection(ProjectConfigurationPlatforms) = postSolution
		{CFE3BF68-962B-4E61-9285-136BA7E426DB}.Debug|Any CPU.ActiveCfg = Debug|Any CPU
		{CFE3BF68-962B-4E61-9285-136BA7E426DB}.Debug|Any CPU.Build.0 = Debug|Any CPU
	EndGlobalSection
	GlobalSection(SolutionProperties) = preSolution
		HideSolutionNode = FALSE
	EndGlobalSection
EndGlobal
